
Microsoft Visual Studio Solution File, Format Version 12.00
# Visual Studio Version 16
VisualStudioVersion = 16.0.29613.14
MinimumVisualStudioVersion = 10.0.40219.1
Project("{9A19103F-16F7-4668-BE54-9A1E7A4F7556}") = "EnvioMensagens", "EnvioMensagens\EnvioMensagens.csproj", "{C5492E89-EABA-419D-8C49-A356AB114CE5}"
EndProject
Project("{FAE04EC0-301F-11D3-BF4B-00C04F79EFBC}") = "RecebimentoMensagens", "RecebimentoMensagens\RecebimentoMensagens.csproj", "{BC57A01A-2750-4110-A737-F66516287560}"
EndProject
Global
	GlobalSection(SolutionConfigurationPlatforms) = preSolution
		Debug|Any CPU = Debug|Any CPU
		Release|Any CPU = Release|Any CPU
	EndGlobalSection
	GlobalSection(ProjectConfigurationPlatforms) = postSolution
		{C5492E89-EABA-419D-8C49-A356AB114CE5}.Debug|Any CPU.ActiveCfg = Debug|Any CPU
		{C5492E89-EABA-419D-8C49-A356AB114CE5}.Debug|Any CPU.Build.0 = Debug|Any CPU
		{C5492E89-EABA-419D-8C49-A356AB114CE5}.Release|Any CPU.ActiveCfg = Release|Any CPU
		{C5492E89-EABA-419D-8C49-A356AB114CE5}.Release|Any CPU.Build.0 = Release|Any CPU
		{BC57A01A-2750-4110-A737-F66516287560}.Debug|Any CPU.ActiveCfg = Debug|Any CPU
		{BC57A01A-2750-4110-A737-F66516287560}.Debug|Any CPU.Build.0 = Debug|Any CPU
		{BC57A01A-2750-4110-A737-F66516287560}.Release|Any CPU.ActiveCfg = Release|Any CPU
		{BC57A01A-2750-4110-A737-F66516287560}.Release|Any CPU.Build.0 = Release|Any CPU
	EndGlobalSection
	GlobalSection(SolutionProperties) = preSolution
		HideSolutionNode = FALSE
	EndGlobalSection
	GlobalSection(ExtensibilityGlobals) = postSolution
		SolutionGuid = {C6B6AE9B-191D-4036-B81A-882D859F95B6}
	EndGlobalSection
EndGlobal
